{
  "name": "js_tutorial",
  "lockfileVersion": 2,
  "requires": true,
  "packages": {
    "": {
      "dependencies": {
        "robdom-palindrome": "^0.1.0"
      }
    },
    "node_modules/robdom-palindrome": {
      "version": "0.1.0",
      "resolved": "https://registry.npmjs.org/robdom-palindrome/-/robdom-palindrome-0.1.0.tgz",
      "integrity": "sha512-toELEPMvQ+ws/fQBZgR4BXU39uc144QtllQkxLJqvHcG6Y+ofwK70yffK2IicwYVDu4FiPTfd2/DDY11TrOM8w=="
    }
  },
  "dependencies": {
    "robdom-palindrome": {
      "version": "0.1.0",
      "resolved": "https://registry.npmjs.org/robdom-palindrome/-/robdom-palindrome-0.1.0.tgz",
      "integrity": "sha512-toELEPMvQ+ws/fQBZgR4BXU39uc144QtllQkxLJqvHcG6Y+ofwK70yffK2IicwYVDu4FiPTfd2/DDY11TrOM8w=="
    }
  }
}
