{
  "name": "js_tutorial",
  "lockfileVersion": 2,
  "requires": true,
  "packages": {
    "": {
      "dependencies": {
        "robdom-palindrome": "^0.2.0"
      }
    },
    "node_modules/robdom-palindrome": {
      "version": "0.2.0",
      "resolved": "https://registry.npmjs.org/robdom-palindrome/-/robdom-palindrome-0.2.0.tgz",
      "integrity": "sha512-cTk9vrDv3n0Ui5bKFKL2nE1F2ImnRYMR7+jAoabeMu0vkgf7mGBqMi/YkTqaQlbIay3SxrquFAqTaX9jBuiA3w=="
    }
  },
  "dependencies": {
    "robdom-palindrome": {
      "version": "0.2.0",
      "resolved": "https://registry.npmjs.org/robdom-palindrome/-/robdom-palindrome-0.2.0.tgz",
      "integrity": "sha512-cTk9vrDv3n0Ui5bKFKL2nE1F2ImnRYMR7+jAoabeMu0vkgf7mGBqMi/YkTqaQlbIay3SxrquFAqTaX9jBuiA3w=="
    }
  }
}
